Microsoft Visual Studio Solution File, Format Version 12.00
# Visual Studio 15
VisualStudioVersion = 15.0.28307.902
MinimumVisualStudioVersion = 10.0.40219.1
Project("{FAE04EC0-301F-11D3-BF4B-00C04F79EFBC}") = "XebiaSampleApp.Android", "XebiaSampleApp.Android\XebiaSampleApp.Android.csproj", "{2FE6CDB3-BACA-4B7E-ACCF-C1CA2C70EF14}"
EndProject
Project("{FAE04EC0-301F-11D3-BF4B-00C04F79EFBC}") = "XebiaSampleApp.iOS", "XebiaSampleApp.iOS\XebiaSampleApp.iOS.csproj", "{E34334DD-B75F-476B-A467-ABE9C2490EDD}"
EndProject
Project("{9A19103F-16F7-4668-BE54-9A1E7A4F7556}") = "XebiaSampleApp", "XebiaSampleApp\XebiaSampleApp.csproj", "{6FF0C846-367A-43F5-A69C-C19F6810C6BB}"
EndProject
Project("{9A19103F-16F7-4668-BE54-9A1E7A4F7556}") = "XebiaSampleApp.UnitTests", "XbeiaSampleApp.UnitTests\XebiaSampleApp.UnitTests.csproj", "{945B1905-7DB3-40A2-884F-61AD6E44DD5D}"
EndProject
Project("{FAE04EC0-301F-11D3-BF4B-00C04F79EFBC}") = "XebiaSampleApp.UITests", "XebiaSampleApp.UITests\XebiaSampleApp.UITests.csproj", "{B19C892E-2628-4CA7-AD27-08D406A3B14B}"
EndProject
Global
	GlobalSection(SolutionConfigurationPlatforms) = preSolution
		Debug|Any CPU = Debug|Any CPU
		Debug|iPhone = Debug|iPhone
		Debug|iPhoneSimulator = Debug|iPhoneSimulator
		Release|Any CPU = Release|Any CPU
		Release|iPhone = Release|iPhone
		Release|iPhoneSimulator = Release|iPhoneSimulator
	EndGlobalSection
	GlobalSection(ProjectConfigurationPlatforms) = postSolution
		{2FE6CDB3-BACA-4B7E-ACCF-C1CA2C70EF14}.Debug|Any CPU.ActiveCfg = Debug|Any CPU
		{2FE6CDB3-BACA-4B7E-ACCF-C1CA2C70EF14}.Debug|Any CPU.Build.0 = Debug|Any CPU
		{2FE6CDB3-BACA-4B7E-ACCF-C1CA2C70EF14}.Debug|Any CPU.Deploy.0 = Debug|Any CPU
		{2FE6CDB3-BACA-4B7E-ACCF-C1CA2C70EF14}.Debug|iPhone.ActiveCfg = Debug|Any CPU
		{2FE6CDB3-BACA-4B7E-ACCF-C1CA2C70EF14}.Debug|iPhone.Build.0 = Debug|Any CPU
		{2FE6CDB3-BACA-4B7E-ACCF-C1CA2C70EF14}.Debug|iPhoneSimulator.ActiveCfg = Debug|Any CPU
		{2FE6CDB3-BACA-4B7E-ACCF-C1CA2C70EF14}.Debug|iPhoneSimulator.Build.0 = Debug|Any CPU
		{2FE6CDB3-BACA-4B7E-ACCF-C1CA2C70EF14}.Release|Any CPU.ActiveCfg = Release|Any CPU
		{2FE6CDB3-BACA-4B7E-ACCF-C1CA2C70EF14}.Release|Any CPU.Build.0 = Release|Any CPU
		{2FE6CDB3-BACA-4B7E-ACCF-C1CA2C70EF14}.Release|Any CPU.Deploy.0 = Release|Any CPU
		{2FE6CDB3-BACA-4B7E-ACCF-C1CA2C70EF14}.Release|iPhone.ActiveCfg = Release|Any CPU
		{2FE6CDB3-BACA-4B7E-ACCF-C1CA2C70EF14}.Release|iPhone.Build.0 = Release|Any CPU
		{2FE6CDB3-BACA-4B7E-ACCF-C1CA2C70EF14}.Release|iPhoneSimulator.ActiveCfg = Release|Any CPU
		{2FE6CDB3-BACA-4B7E-ACCF-C1CA2C70EF14}.Release|iPhoneSimulator.Build.0 = Release|Any CPU
		{E34334DD-B75F-476B-A467-ABE9C2490EDD}.Debug|Any CPU.ActiveCfg = Debug|iPhoneSimulator
		{E34334DD-B75F-476B-A467-ABE9C2490EDD}.Debug|Any CPU.Build.0 = Debug|iPhoneSimulator
		{E34334DD-B75F-476B-A467-ABE9C2490EDD}.Debug|iPhone.ActiveCfg = Debug|iPhone
		{E34334DD-B75F-476B-A467-ABE9C2490EDD}.Debug|iPhone.Build.0 = Debug|iPhone
		{E34334DD-B75F-476B-A467-ABE9C2490EDD}.Debug|iPhoneSimulator.ActiveCfg = Debug|iPhoneSimulator
		{E34334DD-B75F-476B-A467-ABE9C2490EDD}.Debug|iPhoneSimulator.Build.0 = Debug|iPhoneSimulator
		{E34334DD-B75F-476B-A467-ABE9C2490EDD}.Release|Any CPU.ActiveCfg = Release|iPhoneSimulator
		{E34334DD-B75F-476B-A467-ABE9C2490EDD}.Release|Any CPU.Build.0 = Release|iPhoneSimulator
		{E34334DD-B75F-476B-A467-ABE9C2490EDD}.Release|iPhone.ActiveCfg = Release|iPhone
		{E34334DD-B75F-476B-A467-ABE9C2490EDD}.Release|iPhone.Build.0 = Release|iPhone
		{E34334DD-B75F-476B-A467-ABE9C2490EDD}.Release|iPhoneSimulator.ActiveCfg = Release|iPhoneSimulator
		{E34334DD-B75F-476B-A467-ABE9C2490EDD}.Release|iPhoneSimulator.Build.0 = Release|iPhoneSimulator
		{6FF0C846-367A-43F5-A69C-C19F6810C6BB}.Debug|Any CPU.ActiveCfg = Debug|Any CPU
		{6FF0C846-367A-43F5-A69C-C19F6810C6BB}.Debug|Any CPU.Build.0 = Debug|Any CPU
		{6FF0C846-367A-43F5-A69C-C19F6810C6BB}.Debug|iPhone.ActiveCfg = Debug|Any CPU
		{6FF0C846-367A-43F5-A69C-C19F6810C6BB}.Debug|iPhone.Build.0 = Debug|Any CPU
		{6FF0C846-367A-43F5-A69C-C19F6810C6BB}.Debug|iPhoneSimulator.ActiveCfg = Debug|Any CPU
		{6FF0C846-367A-43F5-A69C-C19F6810C6BB}.Debug|iPhoneSimulator.Build.0 = Debug|Any CPU
		{6FF0C846-367A-43F5-A69C-C19F6810C6BB}.Release|Any CPU.ActiveCfg = Release|Any CPU
		{6FF0C846-367A-43F5-A69C-C19F6810C6BB}.Release|Any CPU.Build.0 = Release|Any CPU
		{6FF0C846-367A-43F5-A69C-C19F6810C6BB}.Release|iPhone.ActiveCfg = Release|Any CPU
		{6FF0C846-367A-43F5-A69C-C19F6810C6BB}.Release|iPhone.Build.0 = Release|Any CPU
		{6FF0C846-367A-43F5-A69C-C19F6810C6BB}.Release|iPhoneSimulator.ActiveCfg = Release|Any CPU
		{6FF0C846-367A-43F5-A69C-C19F6810C6BB}.Release|iPhoneSimulator.Build.0 = Release|Any CPU
		{945B1905-7DB3-40A2-884F-61AD6E44DD5D}.Debug|Any CPU.ActiveCfg = Debug|Any CPU
		{945B1905-7DB3-40A2-884F-61AD6E44DD5D}.Debug|Any CPU.Build.0 = Debug|Any CPU
		{945B1905-7DB3-40A2-884F-61AD6E44DD5D}.Debug|iPhone.ActiveCfg = Debug|Any CPU
		{945B1905-7DB3-40A2-884F-61AD6E44DD5D}.Debug|iPhone.Build.0 = Debug|Any CPU
		{945B1905-7DB3-40A2-884F-61AD6E44DD5D}.Debug|iPhoneSimulator.ActiveCfg = Debug|Any CPU
		{945B1905-7DB3-40A2-884F-61AD6E44DD5D}.Debug|iPhoneSimulator.Build.0 = Debug|Any CPU
		{945B1905-7DB3-40A2-884F-61AD6E44DD5D}.Release|Any CPU.ActiveCfg = Release|Any CPU
		{945B1905-7DB3-40A2-884F-61AD6E44DD5D}.Release|Any CPU.Build.0 = Release|Any CPU
		{945B1905-7DB3-40A2-884F-61AD6E44DD5D}.Release|iPhone.ActiveCfg = Release|Any CPU
		{945B1905-7DB3-40A2-884F-61AD6E44DD5D}.Release|iPhone.Build.0 = Release|Any CPU
		{945B1905-7DB3-40A2-884F-61AD6E44DD5D}.Release|iPhoneSimulator.ActiveCfg = Release|Any CPU
		{945B1905-7DB3-40A2-884F-61AD6E44DD5D}.Release|iPhoneSimulator.Build.0 = Release|Any CPU
		{B19C892E-2628-4CA7-AD27-08D406A3B14B}.Debug|Any CPU.ActiveCfg = Debug|Any CPU
		{B19C892E-2628-4CA7-AD27-08D406A3B14B}.Debug|Any CPU.Build.0 = Debug|Any CPU
		{B19C892E-2628-4CA7-AD27-08D406A3B14B}.Debug|iPhone.ActiveCfg = Debug|Any CPU
		{B19C892E-2628-4CA7-AD27-08D406A3B14B}.Debug|iPhone.Build.0 = Debug|Any CPU
		{B19C892E-2628-4CA7-AD27-08D406A3B14B}.Debug|iPhoneSimulator.ActiveCfg = Debug|Any CPU
		{B19C892E-2628-4CA7-AD27-08D406A3B14B}.Debug|iPhoneSimulator.Build.0 = Debug|Any CPU
		{B19C892E-2628-4CA7-AD27-08D406A3B14B}.Release|Any CPU.ActiveCfg = Release|Any CPU
		{B19C892E-2628-4CA7-AD27-08D406A3B14B}.Release|Any CPU.Build.0 = Release|Any CPU
		{B19C892E-2628-4CA7-AD27-08D406A3B14B}.Release|iPhone.ActiveCfg = Release|Any CPU
		{B19C892E-2628-4CA7-AD27-08D406A3B14B}.Release|iPhone.Build.0 = Release|Any CPU
		{B19C892E-2628-4CA7-AD27-08D406A3B14B}.Release|iPhoneSimulator.ActiveCfg = Release|Any CPU
		{B19C892E-2628-4CA7-AD27-08D406A3B14B}.Release|iPhoneSimulator.Build.0 = Release|Any CPU
	EndGlobalSection
	GlobalSection(SolutionProperties) = preSolution
		HideSolutionNode = FALSE
	EndGlobalSection
	GlobalSection(ExtensibilityGlobals) = postSolution
		SolutionGuid = {E72C71D9-FD2A-472C-A91E-39C76070650A}
	EndGlobalSection
EndGlobal
